// !$*UTF8*$!
{
	archiveVersion = 1;
	classes = {
	};
	objectVersion = 50;
	objects = {

/* Begin PBXBuildFile section */
		724A908F26A7F3850010EC12 /* HRWatchAgent WatchKit App.app in Embed Watch Content */ = {isa = PBXBuildFile; fileRef = 724A908E26A7F3850010EC12 /* HRWatchAgent WatchKit App.app */; settings = {ATTRIBUTES = (RemoveHeadersOnCopy, ); }; };
		724A909426A7F3870010EC12 /* Assets.xcassets in Resources */ = {isa = PBXBuildFile; fileRef = 724A909326A7F3870010EC12 /* Assets.xcassets */; };
		724A909B26A7F3870010EC12 /* HRWatchAgent WatchKit Extension.appex in Embed App Extensions */ = {isa = PBXBuildFile; fileRef = 724A909A26A7F3870010EC12 /* HRWatchAgent WatchKit Extension.appex */; settings = {ATTRIBUTES = (RemoveHeadersOnCopy, ); }; };
		724A90A026A7F3870010EC12 /* ContentView.swift in Sources */ = {isa = PBXBuildFile; fileRef = 724A909F26A7F3870010EC12 /* ContentView.swift */; };
		724A90A226A7F3870010EC12 /* HRWatchAgentApp.swift in Sources */ = {isa = PBXBuildFile; fileRef = 724A90A126A7F3870010EC12 /* HRWatchAgentApp.swift */; };
		724A90A426A7F3870010EC12 /* ComplicationController.swift in Sources */ = {isa = PBXBuildFile; fileRef = 724A90A326A7F3870010EC12 /* ComplicationController.swift */; };
		724A90A626A7F3880010EC12 /* Assets.xcassets in Resources */ = {isa = PBXBuildFile; fileRef = 724A90A526A7F3880010EC12 /* Assets.xcassets */; };
		724A90A926A7F3880010EC12 /* Preview Assets.xcassets in Resources */ = {isa = PBXBuildFile; fileRef = 724A90A826A7F3880010EC12 /* Preview Assets.xcassets */; };
		724A90BB26A7F4740010EC12 /* HealthKit.framework in Frameworks */ = {isa = PBXBuildFile; fileRef = 724A90BA26A7F4740010EC12 /* HealthKit.framework */; };
		724E66B626A8506B00728477 /* LowHRMonitorService.swift in Sources */ = {isa = PBXBuildFile; fileRef = 724E66B526A8506B00728477 /* LowHRMonitorService.swift */; };
/* End PBXBuildFile section */

/* Begin PBXContainerItemProxy section */
		724A909026A7F3850010EC12 /* PBXContainerItemProxy */ = {
			isa = PBXContainerItemProxy;
			containerPortal = 724A908426A7F3850010EC12 /* Project object */;
			proxyType = 1;
			remoteGlobalIDString = 724A908D26A7F3850010EC12;
			remoteInfo = "HRWatchAgent WatchKit App";
		};
		724A909C26A7F3870010EC12 /* PBXContainerItemProxy */ = {
			isa = PBXContainerItemProxy;
			containerPortal = 724A908426A7F3850010EC12 /* Project object */;
			proxyType = 1;
			remoteGlobalIDString = 724A909926A7F3870010EC12;
			remoteInfo = "HRWatchAgent WatchKit Extension";
		};
/* End PBXContainerItemProxy section */

/* Begin PBXCopyFilesBuildPhase section */
		724A90B026A7F3880010EC12 /* Embed App Extensions */ = {
			isa = PBXCopyFilesBuildPhase;
			buildActionMask = 2147483647;
			dstPath = "";
			dstSubfolderSpec = 13;
			files = (
				724A909B26A7F3870010EC12 /* HRWatchAgent WatchKit Extension.appex in Embed App Extensions */,
			);
			name = "Embed App Extensions";
			runOnlyForDeploymentPostprocessing = 0;
		};
		724A90B426A7F3880010EC12 /* Embed Watch Content */ = {
			isa = PBXCopyFilesBuildPhase;
			buildActionMask = 2147483647;
			dstPath = "$(CONTENTS_FOLDER_PATH)/Watch";
			dstSubfolderSpec = 16;
			files = (
				724A908F26A7F3850010EC12 /* HRWatchAgent WatchKit App.app in Embed Watch Content */,
			);
			name = "Embed Watch Content";
			runOnlyForDeploymentPostprocessing = 0;
		};
/* End PBXCopyFilesBuildPhase section */

/* Begin PBXFileReference section */
		724A908A26A7F3850010EC12 /* HRWatchAgent.app */ = {isa = PBXFileReference; explicitFileType = wrapper.application; includeInIndex = 0; path = HRWatchAgent.app; sourceTree = BUILT_PRODUCTS_DIR; };
		724A908E26A7F3850010EC12 /* HRWatchAgent WatchKit App.app */ = {isa = PBXFileReference; explicitFileType = wrapper.application; includeInIndex = 0; path = "HRWatchAgent WatchKit App.app"; sourceTree = BUILT_PRODUCTS_DIR; };
		724A909326A7F3870010EC12 /* Assets.xcassets */ = {isa = PBXFileReference; lastKnownFileType = folder.assetcatalog; path = Assets.xcassets; sourceTree = "<group>"; };
		724A909526A7F3870010EC12 /* Info.plist */ = {isa = PBXFileReference; lastKnownFileType = text.plist.xml; path = Info.plist; sourceTree = "<group>"; };
		724A909A26A7F3870010EC12 /* HRWatchAgent WatchKit Extension.appex */ = {isa = PBXFileReference; explicitFileType = "wrapper.app-extension"; includeInIndex = 0; path = "HRWatchAgent WatchKit Extension.appex"; sourceTree = BUILT_PRODUCTS_DIR; };
		724A909F26A7F3870010EC12 /* ContentView.swift */ = {isa = PBXFileReference; lastKnownFileType = sourcecode.swift; path = ContentView.swift; sourceTree = "<group>"; };
		724A90A126A7F3870010EC12 /* HRWatchAgentApp.swift */ = {isa = PBXFileReference; lastKnownFileType = sourcecode.swift; path = HRWatchAgentApp.swift; sourceTree = "<group>"; };
		724A90A326A7F3870010EC12 /* ComplicationController.swift */ = {isa = PBXFileReference; lastKnownFileType = sourcecode.swift; path = ComplicationController.swift; sourceTree = "<group>"; };
		724A90A526A7F3880010EC12 /* Assets.xcassets */ = {isa = PBXFileReference; lastKnownFileType = folder.assetcatalog; path = Assets.xcassets; sourceTree = "<group>"; };
		724A90A826A7F3880010EC12 /* Preview Assets.xcassets */ = {isa = PBXFileReference; lastKnownFileType = folder.assetcatalog; path = "Preview Assets.xcassets"; sourceTree = "<group>"; };
		724A90AA26A7F3880010EC12 /* Info.plist */ = {isa = PBXFileReference; lastKnownFileType = text.plist.xml; path = Info.plist; sourceTree = "<group>"; };
		724A90B826A7F4740010EC12 /* HRWatchAgent WatchKit Extension.entitlements */ = {isa = PBXFileReference; lastKnownFileType = text.plist.entitlements; path = "HRWatchAgent WatchKit Extension.entitlements"; sourceTree = "<group>"; };
		724A90BA26A7F4740010EC12 /* HealthKit.framework */ = {isa = PBXFileReference; lastKnownFileType = wrapper.framework; name = HealthKit.framework; path = Platforms/WatchOS.platform/Developer/SDKs/WatchOS7.4.sdk/System/Library/Frameworks/HealthKit.framework; sourceTree = DEVELOPER_DIR; };
		724E66B526A8506B00728477 /* LowHRMonitorService.swift */ = {isa = PBXFileReference; lastKnownFileType = sourcecode.swift; path = LowHRMonitorService.swift; sourceTree = "<group>"; };
/* End PBXFileReference section */

/* Begin PBXFrameworksBuildPhase section */
		724A909726A7F3870010EC12 /* Frameworks */ = {
			isa = PBXFrameworksBuildPhase;
			buildActionMask = 2147483647;
			files = (
				724A90BB26A7F4740010EC12 /* HealthKit.framework in Frameworks */,
			);
			runOnlyForDeploymentPostprocessing = 0;
		};
/* End PBXFrameworksBuildPhase section */

/* Begin PBXGroup section */
		724A908326A7F3850010EC12 = {
			isa = PBXGroup;
			children = (
				724A909226A7F3850010EC12 /* HRWatchAgent WatchKit App */,
				724A909E26A7F3870010EC12 /* HRWatchAgent WatchKit Extension */,
				724A908B26A7F3850010EC12 /* Products */,
				724A90B926A7F4740010EC12 /* Frameworks */,
			);
			sourceTree = "<group>";
		};
		724A908B26A7F3850010EC12 /* Products */ = {
			isa = PBXGroup;
			children = (
				724A908A26A7F3850010EC12 /* HRWatchAgent.app */,
				724A908E26A7F3850010EC12 /* HRWatchAgent WatchKit App.app */,
				724A909A26A7F3870010EC12 /* HRWatchAgent WatchKit Extension.appex */,
			);
			name = Products;
			sourceTree = "<group>";
		};
		724A909226A7F3850010EC12 /* HRWatchAgent WatchKit App */ = {
			isa = PBXGroup;
			children = (
				724A909326A7F3870010EC12 /* Assets.xcassets */,
				724A909526A7F3870010EC12 /* Info.plist */,
			);
			path = "HRWatchAgent WatchKit App";
			sourceTree = "<group>";
		};
		724A909E26A7F3870010EC12 /* HRWatchAgent WatchKit Extension */ = {
			isa = PBXGroup;
			children = (
				724A90B826A7F4740010EC12 /* HRWatchAgent WatchKit Extension.entitlements */,
				724A909F26A7F3870010EC12 /* ContentView.swift */,
				724A90A126A7F3870010EC12 /* HRWatchAgentApp.swift */,
				724A90A326A7F3870010EC12 /* ComplicationController.swift */,
				724A90A526A7F3880010EC12 /* Assets.xcassets */,
				724A90AA26A7F3880010EC12 /* Info.plist */,
				724A90A726A7F3880010EC12 /* Preview Content */,
				724E66B526A8506B00728477 /* LowHRMonitorService.swift */,
			);
			path = "HRWatchAgent WatchKit Extension";
			sourceTree = "<group>";
		};
		724A90A726A7F3880010EC12 /* Preview Content */ = {
			isa = PBXGroup;
			children = (
				724A90A826A7F3880010EC12 /* Preview Assets.xcassets */,
			);
			path = "Preview Content";
			sourceTree = "<group>";
		};
		724A90B926A7F4740010EC12 /* Frameworks */ = {
			isa = PBXGroup;
			children = (
				724A90BA26A7F4740010EC12 /* HealthKit.framework */,
			);
			name = Frameworks;
			sourceTree = "<group>";
		};
/* End PBXGroup section */

/* Begin PBXNativeTarget section */
		724A908926A7F3850010EC12 /* HRWatchAgent */ = {
			isa = PBXNativeTarget;
			buildConfigurationList = 724A90B526A7F3880010EC12 /* Build configuration list for PBXNativeTarget "HRWatchAgent" */;
			buildPhases = (
				724A908826A7F3850010EC12 /* Resources */,
				724A90B426A7F3880010EC12 /* Embed Watch Content */,
			);
			buildRules = (
			);
			dependencies = (
				724A909126A7F3850010EC12 /* PBXTargetDependency */,
			);
			name = HRWatchAgent;
			productName = HRWatchAgent;
			productReference = 724A908A26A7F3850010EC12 /* HRWatchAgent.app */;
			productType = "com.apple.product-type.application.watchapp2-container";
		};
		724A908D26A7F3850010EC12 /* HRWatchAgent WatchKit App */ = {
			isa = PBXNativeTarget;
			buildConfigurationList = 724A90B126A7F3880010EC12 /* Build configuration list for PBXNativeTarget "HRWatchAgent WatchKit App" */;
			buildPhases = (
				724A908C26A7F3850010EC12 /* Resources */,
				724A90B026A7F3880010EC12 /* Embed App Extensions */,
			);
			buildRules = (
			);
			dependencies = (
				724A909D26A7F3870010EC12 /* PBXTargetDependency */,
			);
			name = "HRWatchAgent WatchKit App";
			productName = "HRWatchAgent WatchKit App";
			productReference = 724A908E26A7F3850010EC12 /* HRWatchAgent WatchKit App.app */;
			productType = "com.apple.product-type.application.watchapp2";
		};
		724A909926A7F3870010EC12 /* HRWatchAgent WatchKit Extension */ = {
			isa = PBXNativeTarget;
			buildConfigurationList = 724A90AD26A7F3880010EC12 /* Build configuration list for PBXNativeTarget "HRWatchAgent WatchKit Extension" */;
			buildPhases = (
				724A909626A7F3870010EC12 /* Sources */,
				724A909726A7F3870010EC12 /* Frameworks */,
				724A909826A7F3870010EC12 /* Resources */,
			);
			buildRules = (
			);
			dependencies = (
			);
			name = "HRWatchAgent WatchKit Extension";
			productName = "HRWatchAgent WatchKit Extension";
			productReference = 724A909A26A7F3870010EC12 /* HRWatchAgent WatchKit Extension.appex */;
			productType = "com.apple.product-type.watchkit2-extension";
		};
/* End PBXNativeTarget section */

/* Begin PBXProject section */
		724A908426A7F3850010EC12 /* Project object */ = {
			isa = PBXProject;
			attributes = {
				LastSwiftUpdateCheck = 1250;
				LastUpgradeCheck = 1250;
				TargetAttributes = {
					724A908926A7F3850010EC12 = {
						CreatedOnToolsVersion = 12.5.1;
					};
					724A908D26A7F3850010EC12 = {
						CreatedOnToolsVersion = 12.5.1;
					};
					724A909926A7F3870010EC12 = {
						CreatedOnToolsVersion = 12.5.1;
					};
				};
			};
			buildConfigurationList = 724A908726A7F3850010EC12 /* Build configuration list for PBXProject "HRWatchAgent" */;
			compatibilityVersion = "Xcode 9.3";
			developmentRegion = en;
			hasScannedForEncodings = 0;
			knownRegions = (
				en,
				Base,
			);
			mainGroup = 724A908326A7F3850010EC12;
			productRefGroup = 724A908B26A7F3850010EC12 /* Products */;
			projectDirPath = "";
			projectRoot = "";
			targets = (
				724A908926A7F3850010EC12 /* HRWatchAgent */,
				724A908D26A7F3850010EC12 /* HRWatchAgent WatchKit App */,
				724A909926A7F3870010EC12 /* HRWatchAgent WatchKit Extension */,
			);
		};
/* End PBXProject section */

/* Begin PBXResourcesBuildPhase section */
		724A908826A7F3850010EC12 /* Resources */ = {
			isa = PBXResourcesBuildPhase;
			buildActionMask = 2147483647;
			files = (
			);
			runOnlyForDeploymentPostprocessing = 0;
		};
		724A908C26A7F3850010EC12 /* Resources */ = {
			isa = PBXResourcesBuildPhase;
			buildActionMask = 2147483647;
			files = (
				724A909426A7F3870010EC12 /* Assets.xcassets in Resources */,
			);
			runOnlyForDeploymentPostprocessing = 0;
		};
		724A909826A7F3870010EC12 /* Resources */ = {
			isa = PBXResourcesBuildPhase;
			buildActionMask = 2147483647;
			files = (
				724A90A926A7F3880010EC12 /* Preview Assets.xcassets in Resources */,
				724A90A626A7F3880010EC12 /* Assets.xcassets in Resources */,
			);
			runOnlyForDeploymentPostprocessing = 0;
		};
/* End PBXResourcesBuildPhase section */

/* Begin PBXSourcesBuildPhase section */
		724A909626A7F3870010EC12 /* Sources */ = {
			isa = PBXSourcesBuildPhase;
			buildActionMask = 2147483647;
			files = (
				724A90A026A7F3870010EC12 /* ContentView.swift in Sources */,
				724E66B626A8506B00728477 /* LowHRMonitorService.swift in Sources */,
				724A90A226A7F3870010EC12 /* HRWatchAgentApp.swift in Sources */,
				724A90A426A7F3870010EC12 /* ComplicationController.swift in Sources */,
			);
			runOnlyForDeploymentPostprocessing = 0;
		};
/* End PBXSourcesBuildPhase section */

/* Begin PBXTargetDependency section */
		724A909126A7F3850010EC12 /* PBXTargetDependency */ = {
			isa = PBXTargetDependency;
			target = 724A908D26A7F3850010EC12 /* HRWatchAgent WatchKit App */;
			targetProxy = 724A909026A7F3850010EC12 /* PBXContainerItemProxy */;
		};
		724A909D26A7F3870010EC12 /* PBXTargetDependency */ = {
			isa = PBXTargetDependency;
			target = 724A909926A7F3870010EC12 /* HRWatchAgent WatchKit Extension */;
			targetProxy = 724A909C26A7F3870010EC12 /* PBXContainerItemProxy */;
		};
/* End PBXTargetDependency section */

/* Begin XCBuildConfiguration section */
		724A90AB26A7F3880010EC12 /* Debug */ = {
			isa = XCBuildConfiguration;
			buildSettings = {
				ALWAYS_SEARCH_USER_PATHS = NO;
				CLANG_ANALYZER_NONNULL = YES;
				CLANG_ANALYZER_NUMBER_OBJECT_CONVERSION = YES_AGGRESSIVE;
				CLANG_CXX_LANGUAGE_STANDARD = "gnu++14";
				CLANG_CXX_LIBRARY = "libc++";
				CLANG_ENABLE_MODULES = YES;
				CLANG_ENABLE_OBJC_ARC = YES;
				CLANG_ENABLE_OBJC_WEAK = YES;
				CLANG_WARN_BLOCK_CAPTURE_AUTORELEASING = YES;
				CLANG_WARN_BOOL_CONVERSION = YES;
				CLANG_WARN_COMMA = YES;
				CLANG_WARN_CONSTANT_CONVERSION = YES;
				CLANG_WARN_DEPRECATED_OBJC_IMPLEMENTATIONS = YES;
				CLANG_WARN_DIRECT_OBJC_ISA_USAGE = YES_ERROR;
				CLANG_WARN_DOCUMENTATION_COMMENTS = YES;
				CLANG_WARN_EMPTY_BODY = YES;
				CLANG_WARN_ENUM_CONVERSION = YES;
				CLANG_WARN_INFINITE_RECURSION = YES;
				CLANG_WARN_INT_CONVERSION = YES;
				CLANG_WARN_NON_LITERAL_NULL_CONVERSION = YES;
				CLANG_WARN_OBJC_IMPLICIT_RETAIN_SELF = YES;
				CLANG_WARN_OBJC_LITERAL_CONVERSION = YES;
				CLANG_WARN_OBJC_ROOT_CLASS = YES_ERROR;
				CLANG_WARN_QUOTED_INCLUDE_IN_FRAMEWORK_HEADER = YES;
				CLANG_WARN_RANGE_LOOP_ANALYSIS = YES;
				CLANG_WARN_STRICT_PROTOTYPES = YES;
				CLANG_WARN_SUSPICIOUS_MOVE = YES;
				CLANG_WARN_UNGUARDED_AVAILABILITY = YES_AGGRESSIVE;
				CLANG_WARN_UNREACHABLE_CODE = YES;
				CLANG_WARN__DUPLICATE_METHOD_MATCH = YES;
				COPY_PHASE_STRIP = NO;
				DEBUG_INFORMATION_FORMAT = dwarf;
				ENABLE_STRICT_OBJC_MSGSEND = YES;
				ENABLE_TESTABILITY = YES;
				GCC_C_LANGUAGE_STANDARD = gnu11;
				GCC_DYNAMIC_NO_PIC = NO;
				GCC_NO_COMMON_BLOCKS = YES;
				GCC_OPTIMIZATION_LEVEL = 0;
				GCC_PREPROCESSOR_DEFINITIONS = (
					"DEBUG=1",
					"$(inherited)",
				);
				GCC_WARN_64_TO_32_BIT_CONVERSION = YES;
				GCC_WARN_ABOUT_RETURN_TYPE = YES_ERROR;
				GCC_WARN_UNDECLARED_SELECTOR = YES;
				GCC_WARN_UNINITIALIZED_AUTOS = YES_AGGRESSIVE;
				GCC_WARN_UNUSED_FUNCTION = YES;
				GCC_WARN_UNUSED_VARIABLE = YES;
				MTL_ENABLE_DEBUG_INFO = INCLUDE_SOURCE;
				MTL_FAST_MATH = YES;
				ONLY_ACTIVE_ARCH = YES;
				SDKROOT = iphoneos;
				SWIFT_ACTIVE_COMPILATION_CONDITIONS = DEBUG;
				SWIFT_OPTIMIZATION_LEVEL = "-Onone";
			};
			name = Debug;
		};
		724A90AC26A7F3880010EC12 /* Release */ = {
			isa = XCBuildConfiguration;
			buildSettings = {
				ALWAYS_SEARCH_USER_PATHS = NO;
				CLANG_ANALYZER_NONNULL = YES;
				CLANG_ANALYZER_NUMBER_OBJECT_CONVERSION = YES_AGGRESSIVE;
				CLANG_CXX_LANGUAGE_STANDARD = "gnu++14";
				CLANG_CXX_LIBRARY = "libc++";
				CLANG_ENABLE_MODULES = YES;
				CLANG_ENABLE_OBJC_ARC = YES;
				CLANG_ENABLE_OBJC_WEAK = YES;
				CLANG_WARN_BLOCK_CAPTURE_AUTORELEASING = YES;
				CLANG_WARN_BOOL_CONVERSION = YES;
				CLANG_WARN_COMMA = YES;
				CLANG_WARN_CONSTANT_CONVERSION = YES;
				CLANG_WARN_DEPRECATED_OBJC_IMPLEMENTATIONS = YES;
				CLANG_WARN_DIRECT_OBJC_ISA_USAGE = YES_ERROR;
				CLANG_WARN_DOCUMENTATION_COMMENTS = YES;
				CLANG_WARN_EMPTY_BODY = YES;
				CLANG_WARN_ENUM_CONVERSION = YES;
				CLANG_WARN_INFINITE_RECURSION = YES;
				CLANG_WARN_INT_CONVERSION = YES;
				CLANG_WARN_NON_LITERAL_NULL_CONVERSION = YES;
				CLANG_WARN_OBJC_IMPLICIT_RETAIN_SELF = YES;
				CLANG_WARN_OBJC_LITERAL_CONVERSION = YES;
				CLANG_WARN_OBJC_ROOT_CLASS = YES_ERROR;
				CLANG_WARN_QUOTED_INCLUDE_IN_FRAMEWORK_HEADER = YES;
				CLANG_WARN_RANGE_LOOP_ANALYSIS = YES;
				CLANG_WARN_STRICT_PROTOTYPES = YES;
				CLANG_WARN_SUSPICIOUS_MOVE = YES;
				CLANG_WARN_UNGUARDED_AVAILABILITY = YES_AGGRESSIVE;
				CLANG_WARN_UNREACHABLE_CODE = YES;
				CLANG_WARN__DUPLICATE_METHOD_MATCH = YES;
				COPY_PHASE_STRIP = NO;
				DEBUG_INFORMATION_FORMAT = "dwarf-with-dsym";
				ENABLE_NS_ASSERTIONS = NO;
				ENABLE_STRICT_OBJC_MSGSEND = YES;
				GCC_C_LANGUAGE_STANDARD = gnu11;
				GCC_NO_COMMON_BLOCKS = YES;
				GCC_WARN_64_TO_32_BIT_CONVERSION = YES;
				GCC_WARN_ABOUT_RETURN_TYPE = YES_ERROR;
				GCC_WARN_UNDECLARED_SELECTOR = YES;
				GCC_WARN_UNINITIALIZED_AUTOS = YES_AGGRESSIVE;
				GCC_WARN_UNUSED_FUNCTION = YES;
				GCC_WARN_UNUSED_VARIABLE = YES;
				MTL_ENABLE_DEBUG_INFO = NO;
				MTL_FAST_MATH = YES;
				SDKROOT = iphoneos;
				SWIFT_COMPILATION_MODE = wholemodule;
				SWIFT_OPTIMIZATION_LEVEL = "-O";
				VALIDATE_PRODUCT = YES;
			};
			name = Release;
		};
		724A90AE26A7F3880010EC12 /* Debug */ = {
			isa = XCBuildConfiguration;
			buildSettings = {
				ASSETCATALOG_COMPILER_COMPLICATION_NAME = Complication;
				CODE_SIGN_ENTITLEMENTS = "HRWatchAgent WatchKit Extension/HRWatchAgent WatchKit Extension.entitlements";
				CODE_SIGN_STYLE = Automatic;
				DEVELOPMENT_ASSET_PATHS = "\"HRWatchAgent WatchKit Extension/Preview Content\"";
				DEVELOPMENT_TEAM = B2Q3CZJSLP;
				ENABLE_PREVIEWS = YES;
				INFOPLIST_FILE = "HRWatchAgent WatchKit Extension/Info.plist";
				LD_RUNPATH_SEARCH_PATHS = (
					"$(inherited)",
					"@executable_path/Frameworks",
					"@executable_path/../../Frameworks",
				);
				PRODUCT_BUNDLE_IDENTIFIER = com.vinzy.HRWatchAgent.watchkitapp.watchkitextension;
				PRODUCT_NAME = "${TARGET_NAME}";
				SDKROOT = watchos;
				SKIP_INSTALL = YES;
				SWIFT_VERSION = 5.0;
				TARGETED_DEVICE_FAMILY = 4;
				WATCHOS_DEPLOYMENT_TARGET = 7.4;
			};
			name = Debug;
		};
		724A90AF26A7F3880010EC12 /* Release */ = {
			isa = XCBuildConfiguration;
			buildSettings = {
				ASSETCATALOG_COMPILER_COMPLICATION_NAME = Complication;
				CODE_SIGN_ENTITLEMENTS = "HRWatchAgent WatchKit Extension/HRWatchAgent WatchKit Extension.entitlements";
				CODE_SIGN_STYLE = Automatic;
				DEVELOPMENT_ASSET_PATHS = "\"HRWatchAgent WatchKit Extension/Preview Content\"";
				DEVELOPMENT_TEAM = B2Q3CZJSLP;
				ENABLE_PREVIEWS = YES;
				INFOPLIST_FILE = "HRWatchAgent WatchKit Extension/Info.plist";
				LD_RUNPATH_SEARCH_PATHS = (
					"$(inherited)",
					"@executable_path/Frameworks",
					"@executable_path/../../Frameworks",
				);
				PRODUCT_BUNDLE_IDENTIFIER = com.vinzy.HRWatchAgent.watchkitapp.watchkitextension;
				PRODUCT_NAME = "${TARGET_NAME}";
				SDKROOT = watchos;
				SKIP_INSTALL = YES;
				SWIFT_VERSION = 5.0;
				TARGETED_DEVICE_FAMILY = 4;
				WATCHOS_DEPLOYMENT_TARGET = 7.4;
			};
			name = Release;
		};
		724A90B226A7F3880010EC12 /* Debug */ = {
			isa = XCBuildConfiguration;
			buildSettings = {
				ALWAYS_EMBED_SWIFT_STANDARD_LIBRARIES = YES;
				ASSETCATALOG_COMPILER_APPICON_NAME = AppIcon;
				ASSETCATALOG_COMPILER_GLOBAL_ACCENT_COLOR_NAME = AccentColor;
				CODE_SIGN_STYLE = Automatic;
				DEVELOPMENT_TEAM = B2Q3CZJSLP;
				IBSC_MODULE = HRWatchAgent_WatchKit_Extension;
				INFOPLIST_FILE = "HRWatchAgent WatchKit App/Info.plist";
				PRODUCT_BUNDLE_IDENTIFIER = com.vinzy.HRWatchAgent.watchkitapp;
				PRODUCT_NAME = "$(TARGET_NAME)";
				SDKROOT = watchos;
				SKIP_INSTALL = YES;
				SWIFT_VERSION = 5.0;
				TARGETED_DEVICE_FAMILY = 4;
				WATCHOS_DEPLOYMENT_TARGET = 7.4;
			};
			name = Debug;
		};
		724A90B326A7F3880010EC12 /* Release */ = {
			isa = XCBuildConfiguration;
			buildSettings = {
				ALWAYS_EMBED_SWIFT_STANDARD_LIBRARIES = YES;
				ASSETCATALOG_COMPILER_APPICON_NAME = AppIcon;
				ASSETCATALOG_COMPILER_GLOBAL_ACCENT_COLOR_NAME = AccentColor;
				CODE_SIGN_STYLE = Automatic;
				DEVELOPMENT_TEAM = B2Q3CZJSLP;
				IBSC_MODULE = HRWatchAgent_WatchKit_Extension;
				INFOPLIST_FILE = "HRWatchAgent WatchKit App/Info.plist";
				PRODUCT_BUNDLE_IDENTIFIER = com.vinzy.HRWatchAgent.watchkitapp;
				PRODUCT_NAME = "$(TARGET_NAME)";
				SDKROOT = watchos;
				SKIP_INSTALL = YES;
				SWIFT_VERSION = 5.0;
				TARGETED_DEVICE_FAMILY = 4;
				WATCHOS_DEPLOYMENT_TARGET = 7.4;
			};
			name = Release;
		};
		724A90B626A7F3880010EC12 /* Debug */ = {
			isa = XCBuildConfiguration;
			buildSettings = {
				CODE_SIGN_STYLE = Automatic;
				CURRENT_PROJECT_VERSION = 1;
				DEVELOPMENT_TEAM = B2Q3CZJSLP;
				MARKETING_VERSION = 1.0;
				PRODUCT_BUNDLE_IDENTIFIER = com.vinzy.HRWatchAgent;
				PRODUCT_NAME = "$(TARGET_NAME)";
				SWIFT_VERSION = 5.0;
			};
			name = Debug;
		};
		724A90B726A7F3880010EC12 /* Release */ = {
			isa = XCBuildConfiguration;
			buildSettings = {
				CODE_SIGN_STYLE = Automatic;
				CURRENT_PROJECT_VERSION = 1;
				DEVELOPMENT_TEAM = B2Q3CZJSLP;
				MARKETING_VERSION = 1.0;
				PRODUCT_BUNDLE_IDENTIFIER = com.vinzy.HRWatchAgent;
				PRODUCT_NAME = "$(TARGET_NAME)";
				SWIFT_VERSION = 5.0;
			};
			name = Release;
		};
/* End XCBuildConfiguration section */

/* Begin XCConfigurationList section */
		724A908726A7F3850010EC12 /* Build configuration list for PBXProject "HRWatchAgent" */ = {
			isa = XCConfigurationList;
			buildConfigurations = (
				724A90AB26A7F3880010EC12 /* Debug */,
				724A90AC26A7F3880010EC12 /* Release */,
			);
			defaultConfigurationIsVisible = 0;
			defaultConfigurationName = Release;
		};
		724A90AD26A7F3880010EC12 /* Build configuration list for PBXNativeTarget "HRWatchAgent WatchKit Extension" */ = {
			isa = XCConfigurationList;
			buildConfigurations = (
				724A90AE26A7F3880010EC12 /* Debug */,
				724A90AF26A7F3880010EC12 /* Release */,
			);
			defaultConfigurationIsVisible = 0;
			defaultConfigurationName = Release;
		};
		724A90B126A7F3880010EC12 /* Build configuration list for PBXNativeTarget "HRWatchAgent WatchKit App" */ = {
			isa = XCConfigurationList;
			buildConfigurations = (
				724A90B226A7F3880010EC12 /* Debug */,
				724A90B326A7F3880010EC12 /* Release */,
			);
			defaultConfigurationIsVisible = 0;
			defaultConfigurationName = Release;
		};
		724A90B526A7F3880010EC12 /* Build configuration list for PBXNativeTarget "HRWatchAgent" */ = {
			isa = XCConfigurationList;
			buildConfigurations = (
				724A90B626A7F3880010EC12 /* Debug */,
				724A90B726A7F3880010EC12 /* Release */,
			);
			defaultConfigurationIsVisible = 0;
			defaultConfigurationName = Release;
		};
/* End XCConfigurationList section */
	};
	rootObject = 724A908426A7F3850010EC12 /* Project object */;
}
